# This file is automatically @generated by Poetry 2.0.1 and should not be changed by hand.

[[package]]
name = "micropython-rp2-pico-w-stubs"
version = "1.20.0.post5"
description = "MicroPython stubs"
optional = false
python-versions = ">=3.8,<4.0"
groups = ["main"]
files = [
    {file = "micropython_rp2_pico_w_stubs-1.20.0.post5-py3-none-any.whl", hash = "sha256:91ab52533620c6bc69617d5ea72d74bd96b9b70de64aec645fd26c1bc40c6659"},
    {file = "micropython_rp2_pico_w_stubs-1.20.0.post5.tar.gz", hash = "sha256:ce2bb383baca8b95dbb93280ea0bce5e335a82aa7134af0c2be77a4a6c9f14e0"},
]

[package.dependencies]
micropython-stdlib-stubs = ">=1.1.0"

[[package]]
name = "micropython-stdlib-stubs"
version = "1.24.0"
description = "Micropython stdlib is a reduced and augmented copy of typeshed's stdlib for use by MicroPython stub packages"
optional = false
python-versions = "<4.0,>=3.8"
groups = ["main"]
files = [
    {file = "micropython_stdlib_stubs-1.24.0-py3-none-any.whl", hash = "sha256:caa1c86b4410453eb8661b53b4a51f8f848f83e1b5dec8223c0f1b455961bdeb"},
    {file = "micropython_stdlib_stubs-1.24.0.tar.gz", hash = "sha256:36af8fb242d211a21df12735bdb8cd1ef472e3582a75dba6e2b1f93529915861"},
]

[metadata]
lock-version = "2.1"
python-versions = ">=3.8,<4.0"
content-hash = "9bbf9c3dd47cfda271cff08dfc9355d38bfb816fbbebe35be306814e6a3492ab"
